
Microsoft Visual Studio Solution File, Format Version 12.00
# Visual Studio Version 16
VisualStudioVersion = 25.0.1700.0
MinimumVisualStudioVersion = 10.0.40219.1
Project("{FAE04EC0-301F-11D3-BF4B-00C04F79EFBC}") = "RefreshShows", "RefreshShows.csproj", "{C6DF961D-5F06-4661-A67C-997968172933}"
EndProject
Global
	GlobalSection(SolutionConfigurationPlatforms) = preSolution
		Release|Any CPU = Release|Any CPU
		Debug|Any CPU = Debug|Any CPU
	EndGlobalSection
	GlobalSection(ProjectConfigurationPlatforms) = postSolution
		{C6DF961D-5F06-4661-A67C-997968172933}.Release|Any CPU.ActiveCfg = Release|Any CPU
		{C6DF961D-5F06-4661-A67C-997968172933}.Release|Any CPU.Build.0 = Release|Any CPU
		{C6DF961D-5F06-4661-A67C-997968172933}.Debug|Any CPU.ActiveCfg = Debug|Any CPU
		{C6DF961D-5F06-4661-A67C-997968172933}.Debug|Any CPU.Build.0 = Debug|Any CPU
	EndGlobalSection
	GlobalSection(SolutionProperties) = preSolution
		HideSolutionNode = FALSE
	EndGlobalSection
	GlobalSection(ExtensibilityGlobals) = postSolution
		SolutionGuid = {B7A861DA-0930-4F22-8BE7-34C1E42C1837}
	EndGlobalSection
EndGlobal
