
Microsoft Visual Studio Solution File, Format Version 12.00
# Visual Studio Version 16
VisualStudioVersion = 25.0.1700.0
MinimumVisualStudioVersion = 10.0.40219.1
Project("{FAE04EC0-301F-11D3-BF4B-00C04F79EFBC}") = "TVMazeWeb", "TVMazeWeb\TVMazeWeb.csproj", "{B01897A8-DC0B-404A-A224-7F6AB971E453}"
EndProject
Global
	GlobalSection(SolutionConfigurationPlatforms) = preSolution
		Debug|Any CPU = Debug|Any CPU
		Release|Any CPU = Release|Any CPU
	EndGlobalSection
	GlobalSection(ProjectConfigurationPlatforms) = postSolution
		{B01897A8-DC0B-404A-A224-7F6AB971E453}.Debug|Any CPU.ActiveCfg = Debug|Any CPU
		{B01897A8-DC0B-404A-A224-7F6AB971E453}.Debug|Any CPU.Build.0 = Debug|Any CPU
		{B01897A8-DC0B-404A-A224-7F6AB971E453}.Release|Any CPU.ActiveCfg = Release|Any CPU
		{B01897A8-DC0B-404A-A224-7F6AB971E453}.Release|Any CPU.Build.0 = Release|Any CPU
	EndGlobalSection
	GlobalSection(SolutionProperties) = preSolution
		HideSolutionNode = FALSE
	EndGlobalSection
	GlobalSection(ExtensibilityGlobals) = postSolution
		SolutionGuid = {9574B08C-7278-4F91-AE82-FB1004EF6845}
	EndGlobalSection
EndGlobal
